
Microsoft Visual Studio Solution File, Format Version 12.00
# Visual Studio Version 16
VisualStudioVersion = 16.0.30406.217
MinimumVisualStudioVersion = 10.0.40219.1
Project("{FAE04EC0-301F-11D3-BF4B-00C04F79EFBC}") = "EmuTracker", "EmuTracker\EmuTracker.csproj", "{CC8537BD-6E0F-4EB5-8BDA-FA500DF1AF0A}"
EndProject
Project("{8BC9CEB8-8B4A-11D0-8D11-00A0C91BC942}") = "driver_emutracker", "driver_emutracker\driver_emutracker.vcxproj", "{7D1394A3-19D7-458A-AAED-8C5F180A93B0}"
EndProject
Global
	GlobalSection(SolutionConfigurationPlatforms) = preSolution
		Debug|Any CPU = Debug|Any CPU
		Debug|x64 = Debug|x64
		Debug|x86 = Debug|x86
		Release|Any CPU = Release|Any CPU
		Release|x64 = Release|x64
		Release|x86 = Release|x86
	EndGlobalSection
	GlobalSection(ProjectConfigurationPlatforms) = postSolution
		{CC8537BD-6E0F-4EB5-8BDA-FA500DF1AF0A}.Debug|Any CPU.ActiveCfg = Debug|Any CPU
		{CC8537BD-6E0F-4EB5-8BDA-FA500DF1AF0A}.Debug|Any CPU.Build.0 = Debug|Any CPU
		{CC8537BD-6E0F-4EB5-8BDA-FA500DF1AF0A}.Debug|x64.ActiveCfg = Debug|Any CPU
		{CC8537BD-6E0F-4EB5-8BDA-FA500DF1AF0A}.Debug|x64.Build.0 = Debug|Any CPU
		{CC8537BD-6E0F-4EB5-8BDA-FA500DF1AF0A}.Debug|x86.ActiveCfg = Debug|Any CPU
		{CC8537BD-6E0F-4EB5-8BDA-FA500DF1AF0A}.Debug|x86.Build.0 = Debug|Any CPU
		{CC8537BD-6E0F-4EB5-8BDA-FA500DF1AF0A}.Release|Any CPU.ActiveCfg = Release|Any CPU
		{CC8537BD-6E0F-4EB5-8BDA-FA500DF1AF0A}.Release|Any CPU.Build.0 = Release|Any CPU
		{CC8537BD-6E0F-4EB5-8BDA-FA500DF1AF0A}.Release|x64.ActiveCfg = Release|Any CPU
		{CC8537BD-6E0F-4EB5-8BDA-FA500DF1AF0A}.Release|x64.Build.0 = Release|Any CPU
		{CC8537BD-6E0F-4EB5-8BDA-FA500DF1AF0A}.Release|x86.ActiveCfg = Release|Any CPU
		{CC8537BD-6E0F-4EB5-8BDA-FA500DF1AF0A}.Release|x86.Build.0 = Release|Any CPU
		{7D1394A3-19D7-458A-AAED-8C5F180A93B0}.Debug|Any CPU.ActiveCfg = Debug|Win32
		{7D1394A3-19D7-458A-AAED-8C5F180A93B0}.Debug|x64.ActiveCfg = Debug|x64
		{7D1394A3-19D7-458A-AAED-8C5F180A93B0}.Debug|x64.Build.0 = Debug|x64
		{7D1394A3-19D7-458A-AAED-8C5F180A93B0}.Debug|x86.ActiveCfg = Debug|Win32
		{7D1394A3-19D7-458A-AAED-8C5F180A93B0}.Debug|x86.Build.0 = Debug|Win32
		{7D1394A3-19D7-458A-AAED-8C5F180A93B0}.Release|Any CPU.ActiveCfg = Release|Win32
		{7D1394A3-19D7-458A-AAED-8C5F180A93B0}.Release|x64.ActiveCfg = Release|x64
		{7D1394A3-19D7-458A-AAED-8C5F180A93B0}.Release|x64.Build.0 = Release|x64
		{7D1394A3-19D7-458A-AAED-8C5F180A93B0}.Release|x86.ActiveCfg = Release|Win32
		{7D1394A3-19D7-458A-AAED-8C5F180A93B0}.Release|x86.Build.0 = Release|Win32
	EndGlobalSection
	GlobalSection(SolutionProperties) = preSolution
		HideSolutionNode = FALSE
	EndGlobalSection
	GlobalSection(ExtensibilityGlobals) = postSolution
		SolutionGuid = {5B812107-77DB-48F6-8D97-85A9652005C0}
	EndGlobalSection
EndGlobal
